
Microsoft Visual Studio Solution File, Format Version 12.00
# Visual Studio Version 17
VisualStudioVersion = 17.5.2.0
MinimumVisualStudioVersion = 10.0.40219.1
Project("{FAE04EC0-301F-11D3-BF4B-00C04F79EFBC}") = "QuantityMeasurementApp", "QuantityMeasurementApp.csproj", "{7974F22C-0322-9893-0B58-EF67E60E7AC1}"
EndProject
Project("{FAE04EC0-301F-11D3-BF4B-00C04F79EFBC}") = "QuantityMeasurementTest", "QuantityMeasurementTest\QuantityMeasurementTest.csproj", "{38CF0E1F-D24F-449A-BD9C-B472BB1C317A}"
EndProject
Global
	GlobalSection(SolutionConfigurationPlatforms) = preSolution
		Debug|Any CPU = Debug|Any CPU
		Debug|x64 = Debug|x64
		Debug|x86 = Debug|x86
		Release|Any CPU = Release|Any CPU
		Release|x64 = Release|x64
		Release|x86 = Release|x86
	EndGlobalSection
	GlobalSection(ProjectConfigurationPlatforms) = postSolution
		{7974F22C-0322-9893-0B58-EF67E60E7AC1}.Debug|Any CPU.ActiveCfg = Debug|Any CPU
		{7974F22C-0322-9893-0B58-EF67E60E7AC1}.Debug|Any CPU.Build.0 = Debug|Any CPU
		{7974F22C-0322-9893-0B58-EF67E60E7AC1}.Debug|x64.ActiveCfg = Debug|Any CPU
		{7974F22C-0322-9893-0B58-EF67E60E7AC1}.Debug|x64.Build.0 = Debug|Any CPU
		{7974F22C-0322-9893-0B58-EF67E60E7AC1}.Debug|x86.ActiveCfg = Debug|Any CPU
		{7974F22C-0322-9893-0B58-EF67E60E7AC1}.Debug|x86.Build.0 = Debug|Any CPU
		{7974F22C-0322-9893-0B58-EF67E60E7AC1}.Release|Any CPU.ActiveCfg = Release|Any CPU
		{7974F22C-0322-9893-0B58-EF67E60E7AC1}.Release|Any CPU.Build.0 = Release|Any CPU
		{7974F22C-0322-9893-0B58-EF67E60E7AC1}.Release|x64.ActiveCfg = Release|Any CPU
		{7974F22C-0322-9893-0B58-EF67E60E7AC1}.Release|x64.Build.0 = Release|Any CPU
		{7974F22C-0322-9893-0B58-EF67E60E7AC1}.Release|x86.ActiveCfg = Release|Any CPU
		{7974F22C-0322-9893-0B58-EF67E60E7AC1}.Release|x86.Build.0 = Release|Any CPU
		{38CF0E1F-D24F-449A-BD9C-B472BB1C317A}.Debug|Any CPU.ActiveCfg = Debug|Any CPU
		{38CF0E1F-D24F-449A-BD9C-B472BB1C317A}.Debug|Any CPU.Build.0 = Debug|Any CPU
		{38CF0E1F-D24F-449A-BD9C-B472BB1C317A}.Debug|x64.ActiveCfg = Debug|Any CPU
		{38CF0E1F-D24F-449A-BD9C-B472BB1C317A}.Debug|x64.Build.0 = Debug|Any CPU
		{38CF0E1F-D24F-449A-BD9C-B472BB1C317A}.Debug|x86.ActiveCfg = Debug|Any CPU
		{38CF0E1F-D24F-449A-BD9C-B472BB1C317A}.Debug|x86.Build.0 = Debug|Any CPU
		{38CF0E1F-D24F-449A-BD9C-B472BB1C317A}.Release|Any CPU.ActiveCfg = Release|Any CPU
		{38CF0E1F-D24F-449A-BD9C-B472BB1C317A}.Release|Any CPU.Build.0 = Release|Any CPU
		{38CF0E1F-D24F-449A-BD9C-B472BB1C317A}.Release|x64.ActiveCfg = Release|Any CPU
		{38CF0E1F-D24F-449A-BD9C-B472BB1C317A}.Release|x64.Build.0 = Release|Any CPU
		{38CF0E1F-D24F-449A-BD9C-B472BB1C317A}.Release|x86.ActiveCfg = Release|Any CPU
		{38CF0E1F-D24F-449A-BD9C-B472BB1C317A}.Release|x86.Build.0 = Release|Any CPU
	EndGlobalSection
	GlobalSection(SolutionProperties) = preSolution
		HideSolutionNode = FALSE
	EndGlobalSection
	GlobalSection(ExtensibilityGlobals) = postSolution
		SolutionGuid = {D1F66D15-EEB9-4B47-A0CD-0D2202DB6F71}
	EndGlobalSection
EndGlobal
